
Microsoft Visual Studio Solution File, Format Version 12.00
# Visual Studio 15
VisualStudioVersion = 15.0.27004.2005
MinimumVisualStudioVersion = 10.0.40219.1
Project("{8BC9CEB8-8B4A-11D0-8D11-00A0C91BC942}") = "meDDA", "meDDA\meDDA.vcxproj", "{41A711EA-B3E1-40FF-86E5-A4AEE6BC2C65}"
EndProject
Project("{8BC9CEB8-8B4A-11D0-8D11-00A0C91BC942}") = "meBresenham", "meBresenham\meBresenham.vcxproj", "{50D56261-B80F-458A-9899-B1A49840261A}"
EndProject
Project("{8BC9CEB8-8B4A-11D0-8D11-00A0C91BC942}") = "meCirBresenham", "meCirBresenham\meCirBresenham.vcxproj", "{F41019D5-1A9B-44B0-A48C-188F2E6EE4D0}"
EndProject
Global
	GlobalSection(SolutionConfigurationPlatforms) = preSolution
		Debug|x64 = Debug|x64
		Debug|x86 = Debug|x86
		Release|x64 = Release|x64
		Release|x86 = Release|x86
	EndGlobalSection
	GlobalSection(ProjectConfigurationPlatforms) = postSolution
		{41A711EA-B3E1-40FF-86E5-A4AEE6BC2C65}.Debug|x64.ActiveCfg = Debug|x64
		{41A711EA-B3E1-40FF-86E5-A4AEE6BC2C65}.Debug|x64.Build.0 = Debug|x64
		{41A711EA-B3E1-40FF-86E5-A4AEE6BC2C65}.Debug|x86.ActiveCfg = Debug|Win32
		{41A711EA-B3E1-40FF-86E5-A4AEE6BC2C65}.Debug|x86.Build.0 = Debug|Win32
		{41A711EA-B3E1-40FF-86E5-A4AEE6BC2C65}.Release|x64.ActiveCfg = Release|x64
		{41A711EA-B3E1-40FF-86E5-A4AEE6BC2C65}.Release|x64.Build.0 = Release|x64
		{41A711EA-B3E1-40FF-86E5-A4AEE6BC2C65}.Release|x86.ActiveCfg = Release|Win32
		{41A711EA-B3E1-40FF-86E5-A4AEE6BC2C65}.Release|x86.Build.0 = Release|Win32
		{50D56261-B80F-458A-9899-B1A49840261A}.Debug|x64.ActiveCfg = Debug|x64
		{50D56261-B80F-458A-9899-B1A49840261A}.Debug|x64.Build.0 = Debug|x64
		{50D56261-B80F-458A-9899-B1A49840261A}.Debug|x86.ActiveCfg = Debug|Win32
		{50D56261-B80F-458A-9899-B1A49840261A}.Debug|x86.Build.0 = Debug|Win32
		{50D56261-B80F-458A-9899-B1A49840261A}.Release|x64.ActiveCfg = Release|x64
		{50D56261-B80F-458A-9899-B1A49840261A}.Release|x64.Build.0 = Release|x64
		{50D56261-B80F-458A-9899-B1A49840261A}.Release|x86.ActiveCfg = Release|Win32
		{50D56261-B80F-458A-9899-B1A49840261A}.Release|x86.Build.0 = Release|Win32
		{F41019D5-1A9B-44B0-A48C-188F2E6EE4D0}.Debug|x64.ActiveCfg = Debug|x64
		{F41019D5-1A9B-44B0-A48C-188F2E6EE4D0}.Debug|x64.Build.0 = Debug|x64
		{F41019D5-1A9B-44B0-A48C-188F2E6EE4D0}.Debug|x86.ActiveCfg = Debug|Win32
		{F41019D5-1A9B-44B0-A48C-188F2E6EE4D0}.Debug|x86.Build.0 = Debug|Win32
		{F41019D5-1A9B-44B0-A48C-188F2E6EE4D0}.Release|x64.ActiveCfg = Release|x64
		{F41019D5-1A9B-44B0-A48C-188F2E6EE4D0}.Release|x64.Build.0 = Release|x64
		{F41019D5-1A9B-44B0-A48C-188F2E6EE4D0}.Release|x86.ActiveCfg = Release|Win32
		{F41019D5-1A9B-44B0-A48C-188F2E6EE4D0}.Release|x86.Build.0 = Release|Win32
	EndGlobalSection
	GlobalSection(SolutionProperties) = preSolution
		HideSolutionNode = FALSE
	EndGlobalSection
	GlobalSection(ExtensibilityGlobals) = postSolution
		SolutionGuid = {A19FC476-39DC-464A-A34E-BC2147F85286}
	EndGlobalSection
EndGlobal
